
Microsoft Visual Studio Solution File, Format Version 12.00
# Visual Studio Version 16
VisualStudioVersion = 16.0.30523.141
MinimumVisualStudioVersion = 10.0.40219.1
Project("{FAE04EC0-301F-11D3-BF4B-00C04F79EFBC}") = "AdoNetLesson1", "AdoNetLesson1\AdoNetLesson1.csproj", "{F42C7E8A-51EF-4C16-A56A-175B0CC26157}"
EndProject
Global
	GlobalSection(SolutionConfigurationPlatforms) = preSolution
		Debug|Any CPU = Debug|Any CPU
		Release|Any CPU = Release|Any CPU
	EndGlobalSection
	GlobalSection(ProjectConfigurationPlatforms) = postSolution
		{F42C7E8A-51EF-4C16-A56A-175B0CC26157}.Debug|Any CPU.ActiveCfg = Debug|Any CPU
		{F42C7E8A-51EF-4C16-A56A-175B0CC26157}.Debug|Any CPU.Build.0 = Debug|Any CPU
		{F42C7E8A-51EF-4C16-A56A-175B0CC26157}.Release|Any CPU.ActiveCfg = Release|Any CPU
		{F42C7E8A-51EF-4C16-A56A-175B0CC26157}.Release|Any CPU.Build.0 = Release|Any CPU
	EndGlobalSection
	GlobalSection(SolutionProperties) = preSolution
		HideSolutionNode = FALSE
	EndGlobalSection
	GlobalSection(ExtensibilityGlobals) = postSolution
		SolutionGuid = {88D0A611-4F3B-451E-BC15-A995144A6D82}
	EndGlobalSection
EndGlobal
